
Microsoft Visual Studio Solution File, Format Version 12.00
# Visual Studio 15
VisualStudioVersion = 15.0.28307.102
MinimumVisualStudioVersion = 10.0.40219.1
Project("{2150E333-8FDC-42A3-9474-1A3956D46DE8}") = "1. Presentacion", "1. Presentacion", "{16FA01BE-7E6E-4BD1-87FE-F09749FA1879}"
EndProject
Project("{2150E333-8FDC-42A3-9474-1A3956D46DE8}") = "2. Servicios Distribuidos", "2. Servicios Distribuidos", "{C9E39AF8-29F2-4E79-96E4-85F7CDB57289}"
EndProject
Project("{2150E333-8FDC-42A3-9474-1A3956D46DE8}") = "3. Dominio", "3. Dominio", "{13BA0E0B-B434-4E4A-ABCD-A73FE7BCB1A7}"
EndProject
Project("{2150E333-8FDC-42A3-9474-1A3956D46DE8}") = "4. Infraestructura", "4. Infraestructura", "{E3136CF3-F6C5-4A93-93CE-1EF2CA1CD621}"
EndProject
Project("{2150E333-8FDC-42A3-9474-1A3956D46DE8}") = "4.1 Data", "4.1 Data", "{C091D2E7-BB46-44F3-8206-8AB5DC7E1211}"
EndProject
Project("{2150E333-8FDC-42A3-9474-1A3956D46DE8}") = "4.2 Transversal", "4.2 Transversal", "{A5C0355A-8D31-4A47-ACF3-D1A628140D25}"
EndProject
Project("{2150E333-8FDC-42A3-9474-1A3956D46DE8}") = "1.1 Web", "1.1 Web", "{EFD0D852-EBC9-4402-9D86-AF40E9CC9483}"
EndProject
Project("{2150E333-8FDC-42A3-9474-1A3956D46DE8}") = "1.2 WebApi", "1.2 WebApi", "{32354ED4-A634-4718-A980-3241853B2827}"
EndProject
Project("{FAE04EC0-301F-11D3-BF4B-00C04F79EFBC}") = "APITest", "APITest\APITest.csproj", "{022528BC-C769-4BD3-975F-65F4304D3969}"
EndProject
Project("{FAE04EC0-301F-11D3-BF4B-00C04F79EFBC}") = "Dominio.Test.BusinessLogic", "Dominio.Test.BusinessLogic\Dominio.Test.BusinessLogic.csproj", "{40AB6110-24F5-479F-B010-86AC53A36392}"
EndProject
Project("{FAE04EC0-301F-11D3-BF4B-00C04F79EFBC}") = "Dominio.Test.Entities", "Dominio.Test.Entities\Dominio.Test.Entities.csproj", "{287D2FB9-AD46-4C3D-ACD8-5865383E5B90}"
EndProject
Project("{FAE04EC0-301F-11D3-BF4B-00C04F79EFBC}") = "Dominio.Test.Interfaces", "Dominio.Test.Interfaces\Dominio.Test.Interfaces.csproj", "{FA343C8B-1CF7-4627-9A4C-B647836E6A09}"
EndProject
Project("{FAE04EC0-301F-11D3-BF4B-00C04F79EFBC}") = "Infraestructura.Data.Test.Interfaces", "Infraestructura.Data.Test.Interfaces\Infraestructura.Data.Test.Interfaces.csproj", "{74FCDFEF-2A03-47C3-9940-85DEB463C4BF}"
EndProject
Project("{FAE04EC0-301F-11D3-BF4B-00C04F79EFBC}") = "Infraestructura.Data.Test.Sql", "Infraestructura.Data.Test.Sql\Infraestructura.Data.Test.Sql.csproj", "{533148F1-269F-4AAC-8399-C0B0C3B158AB}"
EndProject
Project("{FAE04EC0-301F-11D3-BF4B-00C04F79EFBC}") = "Infraestructura.Transversal.Exepciones", "Infraestructura.Transversal.Exepciones\Infraestructura.Transversal.Exepciones.csproj", "{41BB22D7-E4C7-48A6-943C-6A60806C1CBB}"
EndProject
Project("{FAE04EC0-301F-11D3-BF4B-00C04F79EFBC}") = "Infraestructura.Transversal.Recursos", "Infraestructura.Transversal.Recursos\Infraestructura.Transversal.Recursos.csproj", "{79ACDE9C-657D-48C2-BFA0-2A5FDB4F07F0}"
EndProject
Project("{2150E333-8FDC-42A3-9474-1A3956D46DE8}") = "SOAP", "SOAP", "{EDA47BFC-3A68-493E-8310-ADC5E8439326}"
EndProject
Project("{FAE04EC0-301F-11D3-BF4B-00C04F79EFBC}") = "WCFTest", "WCFTest\WCFTest.csproj", "{CE434D19-34F6-4575-AEC6-19C65E508E6D}"
EndProject
Project("{2150E333-8FDC-42A3-9474-1A3956D46DE8}") = "5. Test", "5. Test", "{DAD859FD-57C0-4E9D-84C5-28E1E2E2C06C}"
EndProject
Project("{FAE04EC0-301F-11D3-BF4B-00C04F79EFBC}") = "APITest.Test", "APITest.Test\APITest.Test.csproj", "{A790CA20-911D-4C41-BDA5-B8A49DC272E5}"
EndProject
Global
	GlobalSection(SolutionConfigurationPlatforms) = preSolution
		Debug|Any CPU = Debug|Any CPU
		Release|Any CPU = Release|Any CPU
	EndGlobalSection
	GlobalSection(ProjectConfigurationPlatforms) = postSolution
		{022528BC-C769-4BD3-975F-65F4304D3969}.Debug|Any CPU.ActiveCfg = Debug|Any CPU
		{022528BC-C769-4BD3-975F-65F4304D3969}.Debug|Any CPU.Build.0 = Debug|Any CPU
		{022528BC-C769-4BD3-975F-65F4304D3969}.Release|Any CPU.ActiveCfg = Release|Any CPU
		{022528BC-C769-4BD3-975F-65F4304D3969}.Release|Any CPU.Build.0 = Release|Any CPU
		{40AB6110-24F5-479F-B010-86AC53A36392}.Debug|Any CPU.ActiveCfg = Debug|Any CPU
		{40AB6110-24F5-479F-B010-86AC53A36392}.Debug|Any CPU.Build.0 = Debug|Any CPU
		{40AB6110-24F5-479F-B010-86AC53A36392}.Release|Any CPU.ActiveCfg = Release|Any CPU
		{40AB6110-24F5-479F-B010-86AC53A36392}.Release|Any CPU.Build.0 = Release|Any CPU
		{287D2FB9-AD46-4C3D-ACD8-5865383E5B90}.Debug|Any CPU.ActiveCfg = Debug|Any CPU
		{287D2FB9-AD46-4C3D-ACD8-5865383E5B90}.Debug|Any CPU.Build.0 = Debug|Any CPU
		{287D2FB9-AD46-4C3D-ACD8-5865383E5B90}.Release|Any CPU.ActiveCfg = Release|Any CPU
		{287D2FB9-AD46-4C3D-ACD8-5865383E5B90}.Release|Any CPU.Build.0 = Release|Any CPU
		{FA343C8B-1CF7-4627-9A4C-B647836E6A09}.Debug|Any CPU.ActiveCfg = Debug|Any CPU
		{FA343C8B-1CF7-4627-9A4C-B647836E6A09}.Debug|Any CPU.Build.0 = Debug|Any CPU
		{FA343C8B-1CF7-4627-9A4C-B647836E6A09}.Release|Any CPU.ActiveCfg = Release|Any CPU
		{FA343C8B-1CF7-4627-9A4C-B647836E6A09}.Release|Any CPU.Build.0 = Release|Any CPU
		{74FCDFEF-2A03-47C3-9940-85DEB463C4BF}.Debug|Any CPU.ActiveCfg = Debug|Any CPU
		{74FCDFEF-2A03-47C3-9940-85DEB463C4BF}.Debug|Any CPU.Build.0 = Debug|Any CPU
		{74FCDFEF-2A03-47C3-9940-85DEB463C4BF}.Release|Any CPU.ActiveCfg = Release|Any CPU
		{74FCDFEF-2A03-47C3-9940-85DEB463C4BF}.Release|Any CPU.Build.0 = Release|Any CPU
		{533148F1-269F-4AAC-8399-C0B0C3B158AB}.Debug|Any CPU.ActiveCfg = Debug|Any CPU
		{533148F1-269F-4AAC-8399-C0B0C3B158AB}.Debug|Any CPU.Build.0 = Debug|Any CPU
		{533148F1-269F-4AAC-8399-C0B0C3B158AB}.Release|Any CPU.ActiveCfg = Release|Any CPU
		{533148F1-269F-4AAC-8399-C0B0C3B158AB}.Release|Any CPU.Build.0 = Release|Any CPU
		{41BB22D7-E4C7-48A6-943C-6A60806C1CBB}.Debug|Any CPU.ActiveCfg = Debug|Any CPU
		{41BB22D7-E4C7-48A6-943C-6A60806C1CBB}.Debug|Any CPU.Build.0 = Debug|Any CPU
		{41BB22D7-E4C7-48A6-943C-6A60806C1CBB}.Release|Any CPU.ActiveCfg = Release|Any CPU
		{41BB22D7-E4C7-48A6-943C-6A60806C1CBB}.Release|Any CPU.Build.0 = Release|Any CPU
		{79ACDE9C-657D-48C2-BFA0-2A5FDB4F07F0}.Debug|Any CPU.ActiveCfg = Debug|Any CPU
		{79ACDE9C-657D-48C2-BFA0-2A5FDB4F07F0}.Debug|Any CPU.Build.0 = Debug|Any CPU
		{79ACDE9C-657D-48C2-BFA0-2A5FDB4F07F0}.Release|Any CPU.ActiveCfg = Release|Any CPU
		{79ACDE9C-657D-48C2-BFA0-2A5FDB4F07F0}.Release|Any CPU.Build.0 = Release|Any CPU
		{CE434D19-34F6-4575-AEC6-19C65E508E6D}.Debug|Any CPU.ActiveCfg = Debug|Any CPU
		{CE434D19-34F6-4575-AEC6-19C65E508E6D}.Debug|Any CPU.Build.0 = Debug|Any CPU
		{CE434D19-34F6-4575-AEC6-19C65E508E6D}.Release|Any CPU.ActiveCfg = Release|Any CPU
		{CE434D19-34F6-4575-AEC6-19C65E508E6D}.Release|Any CPU.Build.0 = Release|Any CPU
		{A790CA20-911D-4C41-BDA5-B8A49DC272E5}.Debug|Any CPU.ActiveCfg = Debug|Any CPU
		{A790CA20-911D-4C41-BDA5-B8A49DC272E5}.Debug|Any CPU.Build.0 = Debug|Any CPU
		{A790CA20-911D-4C41-BDA5-B8A49DC272E5}.Release|Any CPU.ActiveCfg = Release|Any CPU
		{A790CA20-911D-4C41-BDA5-B8A49DC272E5}.Release|Any CPU.Build.0 = Release|Any CPU
	EndGlobalSection
	GlobalSection(SolutionProperties) = preSolution
		HideSolutionNode = FALSE
	EndGlobalSection
	GlobalSection(NestedProjects) = preSolution
		{C091D2E7-BB46-44F3-8206-8AB5DC7E1211} = {E3136CF3-F6C5-4A93-93CE-1EF2CA1CD621}
		{A5C0355A-8D31-4A47-ACF3-D1A628140D25} = {E3136CF3-F6C5-4A93-93CE-1EF2CA1CD621}
		{EFD0D852-EBC9-4402-9D86-AF40E9CC9483} = {16FA01BE-7E6E-4BD1-87FE-F09749FA1879}
		{32354ED4-A634-4718-A980-3241853B2827} = {16FA01BE-7E6E-4BD1-87FE-F09749FA1879}
		{022528BC-C769-4BD3-975F-65F4304D3969} = {32354ED4-A634-4718-A980-3241853B2827}
		{40AB6110-24F5-479F-B010-86AC53A36392} = {13BA0E0B-B434-4E4A-ABCD-A73FE7BCB1A7}
		{287D2FB9-AD46-4C3D-ACD8-5865383E5B90} = {13BA0E0B-B434-4E4A-ABCD-A73FE7BCB1A7}
		{FA343C8B-1CF7-4627-9A4C-B647836E6A09} = {13BA0E0B-B434-4E4A-ABCD-A73FE7BCB1A7}
		{74FCDFEF-2A03-47C3-9940-85DEB463C4BF} = {C091D2E7-BB46-44F3-8206-8AB5DC7E1211}
		{533148F1-269F-4AAC-8399-C0B0C3B158AB} = {C091D2E7-BB46-44F3-8206-8AB5DC7E1211}
		{41BB22D7-E4C7-48A6-943C-6A60806C1CBB} = {A5C0355A-8D31-4A47-ACF3-D1A628140D25}
		{79ACDE9C-657D-48C2-BFA0-2A5FDB4F07F0} = {A5C0355A-8D31-4A47-ACF3-D1A628140D25}
		{EDA47BFC-3A68-493E-8310-ADC5E8439326} = {C9E39AF8-29F2-4E79-96E4-85F7CDB57289}
		{CE434D19-34F6-4575-AEC6-19C65E508E6D} = {EDA47BFC-3A68-493E-8310-ADC5E8439326}
		{A790CA20-911D-4C41-BDA5-B8A49DC272E5} = {DAD859FD-57C0-4E9D-84C5-28E1E2E2C06C}
	EndGlobalSection
	GlobalSection(ExtensibilityGlobals) = postSolution
		SolutionGuid = {1E4FD277-7DDF-4CF0-B9D9-B6B2B92B6B9F}
	EndGlobalSection
EndGlobal
